
Microsoft Visual Studio Solution File, Format Version 12.00
# Visual Studio Version 17
VisualStudioVersion = 17.5.33627.172
MinimumVisualStudioVersion = 10.0.40219.1
Project("{FAE04EC0-301F-11D3-BF4B-00C04F79EFBC}") = "FudbalskiTurnirWeb", "FudbalskiTurnirWeb\FudbalskiTurnirWeb.csproj", "{00760DB1-48CB-46A8-8278-A775F29ED5B6}"
EndProject
Global
	GlobalSection(SolutionConfigurationPlatforms) = preSolution
		Debug|Any CPU = Debug|Any CPU
		Release|Any CPU = Release|Any CPU
	EndGlobalSection
	GlobalSection(ProjectConfigurationPlatforms) = postSolution
		{00760DB1-48CB-46A8-8278-A775F29ED5B6}.Debug|Any CPU.ActiveCfg = Debug|Any CPU
		{00760DB1-48CB-46A8-8278-A775F29ED5B6}.Debug|Any CPU.Build.0 = Debug|Any CPU
		{00760DB1-48CB-46A8-8278-A775F29ED5B6}.Release|Any CPU.ActiveCfg = Release|Any CPU
		{00760DB1-48CB-46A8-8278-A775F29ED5B6}.Release|Any CPU.Build.0 = Release|Any CPU
	EndGlobalSection
	GlobalSection(SolutionProperties) = preSolution
		HideSolutionNode = FALSE
	EndGlobalSection
	GlobalSection(ExtensibilityGlobals) = postSolution
		SolutionGuid = {408C80E3-9B77-41CC-8478-31AEBDAB39E1}
	EndGlobalSection
EndGlobal
